
Microsoft Visual Studio Solution File, Format Version 12.00
# Visual Studio Version 17
VisualStudioVersion = 17.5.33627.172
MinimumVisualStudioVersion = 10.0.40219.1
Project("{FAE04EC0-301F-11D3-BF4B-00C04F79EFBC}") = "P138FirstDbMigration", "P138FirstDbMigration\P138FirstDbMigration.csproj", "{876F1EEA-A3A6-40B3-8B62-06205CFDAA3E}"
EndProject
Global
	GlobalSection(SolutionConfigurationPlatforms) = preSolution
		Debug|Any CPU = Debug|Any CPU
		Release|Any CPU = Release|Any CPU
	EndGlobalSection
	GlobalSection(ProjectConfigurationPlatforms) = postSolution
		{876F1EEA-A3A6-40B3-8B62-06205CFDAA3E}.Debug|Any CPU.ActiveCfg = Debug|Any CPU
		{876F1EEA-A3A6-40B3-8B62-06205CFDAA3E}.Debug|Any CPU.Build.0 = Debug|Any CPU
		{876F1EEA-A3A6-40B3-8B62-06205CFDAA3E}.Release|Any CPU.ActiveCfg = Release|Any CPU
		{876F1EEA-A3A6-40B3-8B62-06205CFDAA3E}.Release|Any CPU.Build.0 = Release|Any CPU
	EndGlobalSection
	GlobalSection(SolutionProperties) = preSolution
		HideSolutionNode = FALSE
	EndGlobalSection
	GlobalSection(ExtensibilityGlobals) = postSolution
		SolutionGuid = {7E4A1986-436E-464A-B5BB-B6CE2E0DE8DB}
	EndGlobalSection
EndGlobal
